
Microsoft Visual Studio Solution File, Format Version 11.00
# Visual Studio 2010
Project("{FAE04EC0-301F-11D3-BF4B-00C04F79EFBC}") = "FirstGameByExample", "..\..\Projects\Spikes\FirstGameByExample\FirstGameByExample\FirstGameByExample.csproj", "{5414E1EC-02AE-4D63-8566-849FD8635073}"
EndProject
Project("{96E2B04D-8817-42C6-938A-82C39BA4D311}") = "FirstGameByExampleContent", "..\..\Projects\Spikes\FirstGameByExample\FirstGameByExampleContent\FirstGameByExampleContent.contentproj", "{763DF397-AC7C-4517-9CBE-7ED7111A6783}"
EndProject
Project("{FAE04EC0-301F-11D3-BF4B-00C04F79EFBC}") = "Common.Game", "..\..\Projects\Libraries\Common.Game\Common.Game.csproj", "{C1106072-998F-452A-BA13-D9F33A78AAAC}"
EndProject
Project("{FAE04EC0-301F-11D3-BF4B-00C04F79EFBC}") = "FloodControl", "FloodControl\FloodControl\FloodControl.csproj", "{F778C5A8-CE26-40A5-8C88-09160AA33833}"
EndProject
Project("{96E2B04D-8817-42C6-938A-82C39BA4D311}") = "FloodControlContent", "FloodControl\FloodControlContent\FloodControlContent.contentproj", "{0D82F60A-40BE-4935-8565-5601A13F7DBB}"
EndProject
Project("{2150E333-8FDC-42A3-9474-1A3956D46DE8}") = "FirstGame", "FirstGame", "{873DC2C4-85F1-4180-B759-527180D09835}"
EndProject
Project("{2150E333-8FDC-42A3-9474-1A3956D46DE8}") = "FloodControl", "FloodControl", "{544F713A-DF97-4698-A418-1551D031D320}"
EndProject
Project("{2150E333-8FDC-42A3-9474-1A3956D46DE8}") = "3D Grapics", "3D Grapics", "{EEB87F24-619D-4725-BC91-16367D7D6466}"
EndProject
Project("{FAE04EC0-301F-11D3-BF4B-00C04F79EFBC}") = "Sample1", "Sample1\Sample1\Sample1.csproj", "{3B3F643C-9037-4715-8C4A-DA6C9F5A92A0}"
EndProject
Project("{96E2B04D-8817-42C6-938A-82C39BA4D311}") = "Sample1Content", "Sample1\Sample1Content\Sample1Content.contentproj", "{A3DAD1AE-7DE5-4B41-90F6-836F27F87969}"
EndProject
Global
	GlobalSection(SolutionConfigurationPlatforms) = preSolution
		Debug|x86 = Debug|x86
		Release|x86 = Release|x86
	EndGlobalSection
	GlobalSection(ProjectConfigurationPlatforms) = postSolution
		{5414E1EC-02AE-4D63-8566-849FD8635073}.Debug|x86.ActiveCfg = Debug|x86
		{5414E1EC-02AE-4D63-8566-849FD8635073}.Debug|x86.Build.0 = Debug|x86
		{5414E1EC-02AE-4D63-8566-849FD8635073}.Release|x86.ActiveCfg = Release|x86
		{5414E1EC-02AE-4D63-8566-849FD8635073}.Release|x86.Build.0 = Release|x86
		{763DF397-AC7C-4517-9CBE-7ED7111A6783}.Debug|x86.ActiveCfg = Debug|x86
		{763DF397-AC7C-4517-9CBE-7ED7111A6783}.Release|x86.ActiveCfg = Release|x86
		{C1106072-998F-452A-BA13-D9F33A78AAAC}.Debug|x86.ActiveCfg = Debug|x86
		{C1106072-998F-452A-BA13-D9F33A78AAAC}.Debug|x86.Build.0 = Debug|x86
		{C1106072-998F-452A-BA13-D9F33A78AAAC}.Release|x86.ActiveCfg = Release|x86
		{C1106072-998F-452A-BA13-D9F33A78AAAC}.Release|x86.Build.0 = Release|x86
		{F778C5A8-CE26-40A5-8C88-09160AA33833}.Debug|x86.ActiveCfg = Debug|x86
		{F778C5A8-CE26-40A5-8C88-09160AA33833}.Debug|x86.Build.0 = Debug|x86
		{F778C5A8-CE26-40A5-8C88-09160AA33833}.Release|x86.ActiveCfg = Release|x86
		{F778C5A8-CE26-40A5-8C88-09160AA33833}.Release|x86.Build.0 = Release|x86
		{0D82F60A-40BE-4935-8565-5601A13F7DBB}.Debug|x86.ActiveCfg = Debug|x86
		{0D82F60A-40BE-4935-8565-5601A13F7DBB}.Release|x86.ActiveCfg = Release|x86
		{3B3F643C-9037-4715-8C4A-DA6C9F5A92A0}.Debug|x86.ActiveCfg = Debug|x86
		{3B3F643C-9037-4715-8C4A-DA6C9F5A92A0}.Debug|x86.Build.0 = Debug|x86
		{3B3F643C-9037-4715-8C4A-DA6C9F5A92A0}.Release|x86.ActiveCfg = Release|x86
		{3B3F643C-9037-4715-8C4A-DA6C9F5A92A0}.Release|x86.Build.0 = Release|x86
		{A3DAD1AE-7DE5-4B41-90F6-836F27F87969}.Debug|x86.ActiveCfg = Debug|x86
		{A3DAD1AE-7DE5-4B41-90F6-836F27F87969}.Release|x86.ActiveCfg = Release|x86
	EndGlobalSection
	GlobalSection(SolutionProperties) = preSolution
		HideSolutionNode = FALSE
	EndGlobalSection
	GlobalSection(NestedProjects) = preSolution
		{5414E1EC-02AE-4D63-8566-849FD8635073} = {873DC2C4-85F1-4180-B759-527180D09835}
		{763DF397-AC7C-4517-9CBE-7ED7111A6783} = {873DC2C4-85F1-4180-B759-527180D09835}
		{F778C5A8-CE26-40A5-8C88-09160AA33833} = {544F713A-DF97-4698-A418-1551D031D320}
		{0D82F60A-40BE-4935-8565-5601A13F7DBB} = {544F713A-DF97-4698-A418-1551D031D320}
		{3B3F643C-9037-4715-8C4A-DA6C9F5A92A0} = {EEB87F24-619D-4725-BC91-16367D7D6466}
		{A3DAD1AE-7DE5-4B41-90F6-836F27F87969} = {EEB87F24-619D-4725-BC91-16367D7D6466}
	EndGlobalSection
EndGlobal
